{
  "version": 4,
  "terraform_version": "1.9.8",
  "serial": 359,
  "lineage": "78235896-a91b-50ef-39ee-8bab28c3b115",
  "outputs": {},
  "resources": [
    {
      "mode": "managed",
      "type": "docker_image",
      "name": "grafana_image",
      "provider": "provider[\"registry.terraform.io/kreuzwerker/docker\"]",
      "instances": [
        {
          "schema_version": 0,
          "attributes": {
            "build": [],
            "force_remove": null,
            "id": "sha256:fa801ab6e1ae035135309580891e09f7eb94d1abdbd2106bdc288030b028158cgrafana/grafana",
            "image_id": "sha256:fa801ab6e1ae035135309580891e09f7eb94d1abdbd2106bdc288030b028158c",
            "keep_locally": true,
            "name": "grafana/grafana",
            "platform": null,
            "pull_triggers": [
              "always"
            ],
            "repo_digest": "grafana/grafana@sha256:fa801ab6e1ae035135309580891e09f7eb94d1abdbd2106bdc288030b028158c",
            "triggers": null
          },
          "sensitive_attributes": [],
          "private": "bnVsbA=="
        }
      ]
    },
    {
      "mode": "managed",
      "type": "docker_image",
      "name": "mysql_image",
      "provider": "provider[\"registry.terraform.io/kreuzwerker/docker\"]",
      "instances": [
        {
          "schema_version": 0,
          "attributes": {
            "build": [],
            "force_remove": null,
            "id": "sha256:4bc6bc963e6d8443453676cae56536f4b8156d78bae03c0145cbe47c2aad73bbmysql:5.7",
            "image_id": "sha256:4bc6bc963e6d8443453676cae56536f4b8156d78bae03c0145cbe47c2aad73bb",
            "keep_locally": null,
            "name": "mysql:5.7",
            "platform": null,
            "pull_triggers": [
              "always"
            ],
            "repo_digest": "mysql@sha256:4bc6bc963e6d8443453676cae56536f4b8156d78bae03c0145cbe47c2aad73bb",
            "triggers": null
          },
          "sensitive_attributes": [],
          "private": "bnVsbA=="
        }
      ]
    },
    {
      "mode": "managed",
      "type": "docker_image",
      "name": "php_apache",
      "provider": "provider[\"registry.terraform.io/kreuzwerker/docker\"]",
      "instances": [
        {
          "schema_version": 0,
          "attributes": {
            "build": [],
            "force_remove": null,
            "id": "sha256:c9d7e608f73832673479770d66aacc8100011ec751d1905ff63fae3fe2e0ca6dphp:7.4-apache",
            "image_id": "sha256:c9d7e608f73832673479770d66aacc8100011ec751d1905ff63fae3fe2e0ca6d",
            "keep_locally": null,
            "name": "php:7.4-apache",
            "platform": null,
            "pull_triggers": [
              "always"
            ],
            "repo_digest": "php@sha256:c9d7e608f73832673479770d66aacc8100011ec751d1905ff63fae3fe2e0ca6d",
            "triggers": null
          },
          "sensitive_attributes": [],
          "private": "bnVsbA=="
        }
      ]
    },
    {
      "mode": "managed",
      "type": "docker_image",
      "name": "phpmyadmin_image",
      "provider": "provider[\"registry.terraform.io/kreuzwerker/docker\"]",
      "instances": [
        {
          "schema_version": 0,
          "attributes": {
            "build": [],
            "force_remove": null,
            "id": "sha256:67ba2550fd004399ab0b95b64021a88ea544011e566a9a1995180a3decb6410dphpmyadmin/phpmyadmin",
            "image_id": "sha256:67ba2550fd004399ab0b95b64021a88ea544011e566a9a1995180a3decb6410d",
            "keep_locally": null,
            "name": "phpmyadmin/phpmyadmin",
            "platform": null,
            "pull_triggers": [
              "always"
            ],
            "repo_digest": "phpmyadmin/phpmyadmin@sha256:67ba2550fd004399ab0b95b64021a88ea544011e566a9a1995180a3decb6410d",
            "triggers": null
          },
          "sensitive_attributes": [],
          "private": "bnVsbA=="
        }
      ]
    }
  ],
  "check_results": null
}
